
Microsoft Visual Studio Solution File, Format Version 12.00
# Visual Studio Version 17
VisualStudioVersion = 17.5.33502.453
MinimumVisualStudioVersion = 10.0.40219.1
Project("{8BC9CEB8-8B4A-11D0-8D11-00A0C91BC942}") = "OOPMS4", "OOPMS4\OOPMS4.vcxproj", "{8635EE18-CD91-45A6-A9D8-878C60EF8000}"
EndProject
Global
	GlobalSection(SolutionConfigurationPlatforms) = preSolution
		Debug|x64 = Debug|x64
		Debug|x86 = Debug|x86
		Release|x64 = Release|x64
		Release|x86 = Release|x86
	EndGlobalSection
	GlobalSection(ProjectConfigurationPlatforms) = postSolution
		{8635EE18-CD91-45A6-A9D8-878C60EF8000}.Debug|x64.ActiveCfg = Debug|x64
		{8635EE18-CD91-45A6-A9D8-878C60EF8000}.Debug|x64.Build.0 = Debug|x64
		{8635EE18-CD91-45A6-A9D8-878C60EF8000}.Debug|x86.ActiveCfg = Debug|Win32
		{8635EE18-CD91-45A6-A9D8-878C60EF8000}.Debug|x86.Build.0 = Debug|Win32
		{8635EE18-CD91-45A6-A9D8-878C60EF8000}.Release|x64.ActiveCfg = Release|x64
		{8635EE18-CD91-45A6-A9D8-878C60EF8000}.Release|x64.Build.0 = Release|x64
		{8635EE18-CD91-45A6-A9D8-878C60EF8000}.Release|x86.ActiveCfg = Release|Win32
		{8635EE18-CD91-45A6-A9D8-878C60EF8000}.Release|x86.Build.0 = Release|Win32
	EndGlobalSection
	GlobalSection(SolutionProperties) = preSolution
		HideSolutionNode = FALSE
	EndGlobalSection
	GlobalSection(ExtensibilityGlobals) = postSolution
		SolutionGuid = {EBE0E344-B15B-47E3-ABAB-564F8240C057}
	EndGlobalSection
EndGlobal
