
Microsoft Visual Studio Solution File, Format Version 12.00
# Visual Studio Version 17
VisualStudioVersion = 17.5.33502.453
MinimumVisualStudioVersion = 10.0.40219.1
Project("{8BC9CEB8-8B4A-11D0-8D11-00A0C91BC942}") = "wssum-sftMS5", "wssum-sftMS5\wssum-sftMS5.vcxproj", "{521E34A9-6D68-4A7C-A128-CB43FF71D21A}"
EndProject
Project("{8BC9CEB8-8B4A-11D0-8D11-00A0C91BC942}") = "wssum.MS5-UnitTest(B)", "wssum.MS5-UnitTest(B)\wssum.MS5-UnitTest(B).vcxproj", "{1E3F6AE7-8026-417D-93D9-A5BC36935BA0}"
EndProject
Global
	GlobalSection(SolutionConfigurationPlatforms) = preSolution
		Debug|x64 = Debug|x64
		Debug|x86 = Debug|x86
		Release|x64 = Release|x64
		Release|x86 = Release|x86
	EndGlobalSection
	GlobalSection(ProjectConfigurationPlatforms) = postSolution
		{521E34A9-6D68-4A7C-A128-CB43FF71D21A}.Debug|x64.ActiveCfg = Debug|x64
		{521E34A9-6D68-4A7C-A128-CB43FF71D21A}.Debug|x64.Build.0 = Debug|x64
		{521E34A9-6D68-4A7C-A128-CB43FF71D21A}.Debug|x86.ActiveCfg = Debug|Win32
		{521E34A9-6D68-4A7C-A128-CB43FF71D21A}.Debug|x86.Build.0 = Debug|Win32
		{521E34A9-6D68-4A7C-A128-CB43FF71D21A}.Release|x64.ActiveCfg = Release|x64
		{521E34A9-6D68-4A7C-A128-CB43FF71D21A}.Release|x64.Build.0 = Release|x64
		{521E34A9-6D68-4A7C-A128-CB43FF71D21A}.Release|x86.ActiveCfg = Release|Win32
		{521E34A9-6D68-4A7C-A128-CB43FF71D21A}.Release|x86.Build.0 = Release|Win32
		{1E3F6AE7-8026-417D-93D9-A5BC36935BA0}.Debug|x64.ActiveCfg = Debug|x64
		{1E3F6AE7-8026-417D-93D9-A5BC36935BA0}.Debug|x64.Build.0 = Debug|x64
		{1E3F6AE7-8026-417D-93D9-A5BC36935BA0}.Debug|x86.ActiveCfg = Debug|Win32
		{1E3F6AE7-8026-417D-93D9-A5BC36935BA0}.Debug|x86.Build.0 = Debug|Win32
		{1E3F6AE7-8026-417D-93D9-A5BC36935BA0}.Release|x64.ActiveCfg = Release|x64
		{1E3F6AE7-8026-417D-93D9-A5BC36935BA0}.Release|x64.Build.0 = Release|x64
		{1E3F6AE7-8026-417D-93D9-A5BC36935BA0}.Release|x86.ActiveCfg = Release|Win32
		{1E3F6AE7-8026-417D-93D9-A5BC36935BA0}.Release|x86.Build.0 = Release|Win32
	EndGlobalSection
	GlobalSection(SolutionProperties) = preSolution
		HideSolutionNode = FALSE
	EndGlobalSection
	GlobalSection(ExtensibilityGlobals) = postSolution
		SolutionGuid = {042B9FDE-8394-49FC-B7C5-0CB9D09FB27A}
	EndGlobalSection
EndGlobal
